
Microsoft Visual Studio Solution File, Format Version 12.00
# Visual Studio Version 16
VisualStudioVersion = 16.0.31112.23
MinimumVisualStudioVersion = 10.0.40219.1
Project("{FAE04EC0-301F-11D3-BF4B-00C04F79EFBC}") = "jokeTutorial", "jokeTutorial.csproj", "{FF0F9AAA-5D7D-465C-B41F-F52D3176C7CE}"
EndProject
Global
	GlobalSection(SolutionConfigurationPlatforms) = preSolution
		Debug|Any CPU = Debug|Any CPU
		Release|Any CPU = Release|Any CPU
	EndGlobalSection
	GlobalSection(ProjectConfigurationPlatforms) = postSolution
		{FF0F9AAA-5D7D-465C-B41F-F52D3176C7CE}.Debug|Any CPU.ActiveCfg = Debug|Any CPU
		{FF0F9AAA-5D7D-465C-B41F-F52D3176C7CE}.Debug|Any CPU.Build.0 = Debug|Any CPU
		{FF0F9AAA-5D7D-465C-B41F-F52D3176C7CE}.Release|Any CPU.ActiveCfg = Release|Any CPU
		{FF0F9AAA-5D7D-465C-B41F-F52D3176C7CE}.Release|Any CPU.Build.0 = Release|Any CPU
	EndGlobalSection
	GlobalSection(SolutionProperties) = preSolution
		HideSolutionNode = FALSE
	EndGlobalSection
	GlobalSection(ExtensibilityGlobals) = postSolution
		SolutionGuid = {E1DB1FAA-764B-4401-A12B-B77050D7B5D8}
	EndGlobalSection
EndGlobal
